
Microsoft Visual Studio Solution File, Format Version 12.00
# Visual Studio Version 17
VisualStudioVersion = 17.7.34018.315
MinimumVisualStudioVersion = 10.0.40219.1
Project("{FAE04EC0-301F-11D3-BF4B-00C04F79EFBC}") = "E_shop", "E_shop\E_shop.csproj", "{898E0983-C414-4B2E-969F-7654EC218AA2}"
EndProject
Global
	GlobalSection(SolutionConfigurationPlatforms) = preSolution
		Debug|Any CPU = Debug|Any CPU
		Release|Any CPU = Release|Any CPU
	EndGlobalSection
	GlobalSection(ProjectConfigurationPlatforms) = postSolution
		{898E0983-C414-4B2E-969F-7654EC218AA2}.Debug|Any CPU.ActiveCfg = Debug|Any CPU
		{898E0983-C414-4B2E-969F-7654EC218AA2}.Debug|Any CPU.Build.0 = Debug|Any CPU
		{898E0983-C414-4B2E-969F-7654EC218AA2}.Release|Any CPU.ActiveCfg = Release|Any CPU
		{898E0983-C414-4B2E-969F-7654EC218AA2}.Release|Any CPU.Build.0 = Release|Any CPU
	EndGlobalSection
	GlobalSection(SolutionProperties) = preSolution
		HideSolutionNode = FALSE
	EndGlobalSection
	GlobalSection(ExtensibilityGlobals) = postSolution
		SolutionGuid = {69D1E76B-D4BF-4DB3-8DE4-B679784584ED}
	EndGlobalSection
EndGlobal
